
Microsoft Visual Studio Solution File, Format Version 12.00
# Visual Studio Version 17
VisualStudioVersion = 17.8.34511.84
MinimumVisualStudioVersion = 10.0.40219.1
Project("{FAE04EC0-301F-11D3-BF4B-00C04F79EFBC}") = "NamesInYourLanguage", "NamesInYourLanguage.csproj", "{23CA03C1-77AE-4C91-AEED-58BC64D9AFED}"
EndProject
Global
	GlobalSection(SolutionConfigurationPlatforms) = preSolution
		Debug|Any CPU = Debug|Any CPU
		Release|Any CPU = Release|Any CPU
	EndGlobalSection
	GlobalSection(ProjectConfigurationPlatforms) = postSolution
		{23CA03C1-77AE-4C91-AEED-58BC64D9AFED}.Debug|Any CPU.ActiveCfg = Debug|Any CPU
		{23CA03C1-77AE-4C91-AEED-58BC64D9AFED}.Debug|Any CPU.Build.0 = Debug|Any CPU
		{23CA03C1-77AE-4C91-AEED-58BC64D9AFED}.Release|Any CPU.ActiveCfg = Release|Any CPU
		{23CA03C1-77AE-4C91-AEED-58BC64D9AFED}.Release|Any CPU.Build.0 = Release|Any CPU
	EndGlobalSection
	GlobalSection(SolutionProperties) = preSolution
		HideSolutionNode = FALSE
	EndGlobalSection
	GlobalSection(ExtensibilityGlobals) = postSolution
		SolutionGuid = {7B1EC25B-D9C2-4974-B571-C86827D701C1}
	EndGlobalSection
EndGlobal
