
Microsoft Visual Studio Solution File, Format Version 12.00
# Visual Studio Version 17
VisualStudioVersion = 17.9.34728.123
MinimumVisualStudioVersion = 10.0.40219.1
Project("{9A19103F-16F7-4668-BE54-9A1E7A4F7556}") = "Translated-names", "Translated-names.csproj", "{2655146A-703C-4A5D-839F-F9EB00909F33}"
EndProject
Global
	GlobalSection(SolutionConfigurationPlatforms) = preSolution
		Debug|Any CPU = Debug|Any CPU
		Release|Any CPU = Release|Any CPU
	EndGlobalSection
	GlobalSection(ProjectConfigurationPlatforms) = postSolution
		{2655146A-703C-4A5D-839F-F9EB00909F33}.Debug|Any CPU.ActiveCfg = Debug|Any CPU
		{2655146A-703C-4A5D-839F-F9EB00909F33}.Debug|Any CPU.Build.0 = Debug|Any CPU
		{2655146A-703C-4A5D-839F-F9EB00909F33}.Release|Any CPU.ActiveCfg = Release|Any CPU
		{2655146A-703C-4A5D-839F-F9EB00909F33}.Release|Any CPU.Build.0 = Release|Any CPU
	EndGlobalSection
	GlobalSection(SolutionProperties) = preSolution
		HideSolutionNode = FALSE
	EndGlobalSection
	GlobalSection(ExtensibilityGlobals) = postSolution
		SolutionGuid = {6B7B708E-B20E-4985-B7CF-AF6AC2368054}
	EndGlobalSection
EndGlobal
